{
  "nodes": {
    "falas-master": {
      "inputs": {
        "flakeNimbleLib": [
          "flakeNimbleLib"
        ],
        "nixpkgs": [
          "nixpkgs"
        ],
        "src-falas-master": "src-falas-master"
      },
      "locked": {
        "dir": "master",
        "lastModified": 1667322266,
        "narHash": "sha256-wYX+9m6R1yMXDLq9tYFZjuzqpbgpet0Bg5fmKIIH8Bc=",
        "owner": "nim-nix-pkgs",
        "repo": "falas",
        "rev": "ec7e208e2d9b35046a6d828c753100bad82b8a75",
        "type": "github"
      },
      "original": {
        "dir": "master",
        "owner": "nim-nix-pkgs",
        "ref": "master",
        "repo": "falas",
        "type": "github"
      }
    },
    "flakeNimbleLib": {
      "inputs": {
        "nixpkgs": [
          "nixpkgs"
        ]
      },
      "locked": {
        "lastModified": 1662018438,
        "narHash": "sha256-QtNtU6+LX3Wokxf0zlFwKTFOcn6TeDjKQZ+DA9OYtvM=",
        "owner": "riinr",
        "repo": "nim-flakes-lib",
        "rev": "b1fe8340736e3a85d25c709ac3dfd82a55c03cbf",
        "type": "github"
      },
      "original": {
        "owner": "riinr",
        "ref": "master",
        "repo": "nim-flakes-lib",
        "type": "github"
      }
    },
    "nixpkgs": {
      "locked": {
        "lastModified": 1667199707,
        "narHash": "sha256-I2Js3Y7gUyVSEXPULHlBoRek4Lh85vnevdS6mdvDNLI=",
        "owner": "NixOS",
        "repo": "nixpkgs",
        "rev": "ced197be72099edcfa68ebed8b87af7b04851f45",
        "type": "github"
      },
      "original": {
        "id": "nixpkgs",
        "type": "indirect"
      }
    },
    "root": {
      "inputs": {
        "falas-master": "falas-master",
        "flakeNimbleLib": "flakeNimbleLib",
        "nixpkgs": "nixpkgs"
      }
    },
    "src-falas-master": {
      "flake": false,
      "locked": {
        "lastModified": 1541712249,
        "narHash": "sha256-iWzulJFrqVtjDSyivFY2YlDik1IJWIwjBlzHg+QFVWA=",
        "owner": "brentp",
        "repo": "falas",
        "rev": "5a2ef0894b6e25f2006084f8ce632728c161b284",
        "type": "github"
      },
      "original": {
        "owner": "brentp",
        "ref": "refs/heads/master",
        "repo": "falas",
        "type": "github"
      }
    }
  },
  "root": "root",
  "version": 7
}
